
Microsoft Visual Studio Solution File, Format Version 12.00
# Visual Studio Version 17
VisualStudioVersion = 17.3.32804.467
MinimumVisualStudioVersion = 10.0.40219.1
Project("{FAE04EC0-301F-11D3-BF4B-00C04F79EFBC}") = "Demo1", "Demo1\Demo1.csproj", "{E86B0AAE-86CE-409D-833F-3F82C35B6CC4}"
EndProject
Project("{F184B08F-C81C-45F6-A57F-5ABD9991F28F}") = "Demo2", "Demo2\Demo2.vbproj", "{3499806D-180A-4CA2-AB4E-4DC978C2A04F}"
EndProject
Project("{8BC9CEB8-8B4A-11D0-8D11-00A0C91BC942}") = "Demo3", "Demo3\Demo3.vcxproj", "{682CE09F-A0F2-47E9-9387-D72D29BBCA8F}"
EndProject
Project("{778DAE3C-4631-46EA-AA77-85C1314464D9}") = "Activitat1", "Activitat1\Activitat1.vbproj", "{57AD18B9-5B1E-4C13-A0AE-F0C5E18057C5}"
EndProject
Project("{FAE04EC0-301F-11D3-BF4B-00C04F79EFBC}") = "Activitat2", "Activitat2\Activitat2.csproj", "{44F0266C-0BB7-4A7A-87A3-12B7411938DC}"
EndProject
Project("{8BC9CEB8-8B4A-11D0-8D11-00A0C91BC942}") = "Activitat3", "Actividad3\Actividad3.vcxproj", "{EB452B0C-208F-40A0-9D97-F7E9C3FE7538}"
EndProject
Project("{2150E333-8FDC-42A3-9474-1A3956D46DE8}") = "Actividades", "Actividades", "{F1B01DE2-C92F-44EF-B6EE-D1C3E54B1CB3}"
EndProject
Project("{2150E333-8FDC-42A3-9474-1A3956D46DE8}") = "CTF", "CTF", "{5A16900D-CB26-4F16-9FE3-606D97FB1246}"
EndProject
Project("{2150E333-8FDC-42A3-9474-1A3956D46DE8}") = "Demo", "Demo", "{4226EBC5-1FD0-4E68-B283-BBAF42DFA12B}"
EndProject
Project("{8BC9CEB8-8B4A-11D0-8D11-00A0C91BC942}") = "segon", "segon\segon.vcxproj", "{F82ED501-C6A6-4D53-A2A1-9BF9FEC14C2C}"
EndProject
Project("{8BC9CEB8-8B4A-11D0-8D11-00A0C91BC942}") = "primer", "primer\primer.vcxproj", "{A884A2D7-C31D-4482-A5EB-919901756B44}"
EndProject
Global
	GlobalSection(SolutionConfigurationPlatforms) = preSolution
		Debug|Any CPU = Debug|Any CPU
		Debug|x64 = Debug|x64
		Debug|x86 = Debug|x86
		Release|Any CPU = Release|Any CPU
		Release|x64 = Release|x64
		Release|x86 = Release|x86
	EndGlobalSection
	GlobalSection(ProjectConfigurationPlatforms) = postSolution
		{E86B0AAE-86CE-409D-833F-3F82C35B6CC4}.Debug|Any CPU.ActiveCfg = Debug|Any CPU
		{E86B0AAE-86CE-409D-833F-3F82C35B6CC4}.Debug|Any CPU.Build.0 = Debug|Any CPU
		{E86B0AAE-86CE-409D-833F-3F82C35B6CC4}.Debug|x64.ActiveCfg = Debug|Any CPU
		{E86B0AAE-86CE-409D-833F-3F82C35B6CC4}.Debug|x64.Build.0 = Debug|Any CPU
		{E86B0AAE-86CE-409D-833F-3F82C35B6CC4}.Debug|x86.ActiveCfg = Debug|Any CPU
		{E86B0AAE-86CE-409D-833F-3F82C35B6CC4}.Debug|x86.Build.0 = Debug|Any CPU
		{E86B0AAE-86CE-409D-833F-3F82C35B6CC4}.Release|Any CPU.ActiveCfg = Release|Any CPU
		{E86B0AAE-86CE-409D-833F-3F82C35B6CC4}.Release|Any CPU.Build.0 = Release|Any CPU
		{E86B0AAE-86CE-409D-833F-3F82C35B6CC4}.Release|x64.ActiveCfg = Release|Any CPU
		{E86B0AAE-86CE-409D-833F-3F82C35B6CC4}.Release|x64.Build.0 = Release|Any CPU
		{E86B0AAE-86CE-409D-833F-3F82C35B6CC4}.Release|x86.ActiveCfg = Release|Any CPU
		{E86B0AAE-86CE-409D-833F-3F82C35B6CC4}.Release|x86.Build.0 = Release|Any CPU
		{3499806D-180A-4CA2-AB4E-4DC978C2A04F}.Debug|Any CPU.ActiveCfg = Debug|Any CPU
		{3499806D-180A-4CA2-AB4E-4DC978C2A04F}.Debug|Any CPU.Build.0 = Debug|Any CPU
		{3499806D-180A-4CA2-AB4E-4DC978C2A04F}.Debug|x64.ActiveCfg = Debug|Any CPU
		{3499806D-180A-4CA2-AB4E-4DC978C2A04F}.Debug|x64.Build.0 = Debug|Any CPU
		{3499806D-180A-4CA2-AB4E-4DC978C2A04F}.Debug|x86.ActiveCfg = Debug|Any CPU
		{3499806D-180A-4CA2-AB4E-4DC978C2A04F}.Debug|x86.Build.0 = Debug|Any CPU
		{3499806D-180A-4CA2-AB4E-4DC978C2A04F}.Release|Any CPU.ActiveCfg = Release|Any CPU
		{3499806D-180A-4CA2-AB4E-4DC978C2A04F}.Release|Any CPU.Build.0 = Release|Any CPU
		{3499806D-180A-4CA2-AB4E-4DC978C2A04F}.Release|x64.ActiveCfg = Release|Any CPU
		{3499806D-180A-4CA2-AB4E-4DC978C2A04F}.Release|x64.Build.0 = Release|Any CPU
		{3499806D-180A-4CA2-AB4E-4DC978C2A04F}.Release|x86.ActiveCfg = Release|Any CPU
		{3499806D-180A-4CA2-AB4E-4DC978C2A04F}.Release|x86.Build.0 = Release|Any CPU
		{682CE09F-A0F2-47E9-9387-D72D29BBCA8F}.Debug|Any CPU.ActiveCfg = Debug|x64
		{682CE09F-A0F2-47E9-9387-D72D29BBCA8F}.Debug|Any CPU.Build.0 = Debug|x64
		{682CE09F-A0F2-47E9-9387-D72D29BBCA8F}.Debug|x64.ActiveCfg = Debug|x64
		{682CE09F-A0F2-47E9-9387-D72D29BBCA8F}.Debug|x64.Build.0 = Debug|x64
		{682CE09F-A0F2-47E9-9387-D72D29BBCA8F}.Debug|x86.ActiveCfg = Debug|Win32
		{682CE09F-A0F2-47E9-9387-D72D29BBCA8F}.Debug|x86.Build.0 = Debug|Win32
		{682CE09F-A0F2-47E9-9387-D72D29BBCA8F}.Release|Any CPU.ActiveCfg = Release|x64
		{682CE09F-A0F2-47E9-9387-D72D29BBCA8F}.Release|Any CPU.Build.0 = Release|x64
		{682CE09F-A0F2-47E9-9387-D72D29BBCA8F}.Release|x64.ActiveCfg = Release|x64
		{682CE09F-A0F2-47E9-9387-D72D29BBCA8F}.Release|x64.Build.0 = Release|x64
		{682CE09F-A0F2-47E9-9387-D72D29BBCA8F}.Release|x86.ActiveCfg = Release|Win32
		{682CE09F-A0F2-47E9-9387-D72D29BBCA8F}.Release|x86.Build.0 = Release|Win32
		{57AD18B9-5B1E-4C13-A0AE-F0C5E18057C5}.Debug|Any CPU.ActiveCfg = Debug|Any CPU
		{57AD18B9-5B1E-4C13-A0AE-F0C5E18057C5}.Debug|Any CPU.Build.0 = Debug|Any CPU
		{57AD18B9-5B1E-4C13-A0AE-F0C5E18057C5}.Debug|x64.ActiveCfg = Debug|Any CPU
		{57AD18B9-5B1E-4C13-A0AE-F0C5E18057C5}.Debug|x64.Build.0 = Debug|Any CPU
		{57AD18B9-5B1E-4C13-A0AE-F0C5E18057C5}.Debug|x86.ActiveCfg = Debug|Any CPU
		{57AD18B9-5B1E-4C13-A0AE-F0C5E18057C5}.Debug|x86.Build.0 = Debug|Any CPU
		{57AD18B9-5B1E-4C13-A0AE-F0C5E18057C5}.Release|Any CPU.ActiveCfg = Release|Any CPU
		{57AD18B9-5B1E-4C13-A0AE-F0C5E18057C5}.Release|Any CPU.Build.0 = Release|Any CPU
		{57AD18B9-5B1E-4C13-A0AE-F0C5E18057C5}.Release|x64.ActiveCfg = Release|Any CPU
		{57AD18B9-5B1E-4C13-A0AE-F0C5E18057C5}.Release|x64.Build.0 = Release|Any CPU
		{57AD18B9-5B1E-4C13-A0AE-F0C5E18057C5}.Release|x86.ActiveCfg = Release|Any CPU
		{57AD18B9-5B1E-4C13-A0AE-F0C5E18057C5}.Release|x86.Build.0 = Release|Any CPU
		{44F0266C-0BB7-4A7A-87A3-12B7411938DC}.Debug|Any CPU.ActiveCfg = Debug|Any CPU
		{44F0266C-0BB7-4A7A-87A3-12B7411938DC}.Debug|Any CPU.Build.0 = Debug|Any CPU
		{44F0266C-0BB7-4A7A-87A3-12B7411938DC}.Debug|x64.ActiveCfg = Debug|Any CPU
		{44F0266C-0BB7-4A7A-87A3-12B7411938DC}.Debug|x64.Build.0 = Debug|Any CPU
		{44F0266C-0BB7-4A7A-87A3-12B7411938DC}.Debug|x86.ActiveCfg = Debug|Any CPU
		{44F0266C-0BB7-4A7A-87A3-12B7411938DC}.Debug|x86.Build.0 = Debug|Any CPU
		{44F0266C-0BB7-4A7A-87A3-12B7411938DC}.Release|Any CPU.ActiveCfg = Release|Any CPU
		{44F0266C-0BB7-4A7A-87A3-12B7411938DC}.Release|Any CPU.Build.0 = Release|Any CPU
		{44F0266C-0BB7-4A7A-87A3-12B7411938DC}.Release|x64.ActiveCfg = Release|Any CPU
		{44F0266C-0BB7-4A7A-87A3-12B7411938DC}.Release|x64.Build.0 = Release|Any CPU
		{44F0266C-0BB7-4A7A-87A3-12B7411938DC}.Release|x86.ActiveCfg = Release|Any CPU
		{44F0266C-0BB7-4A7A-87A3-12B7411938DC}.Release|x86.Build.0 = Release|Any CPU
		{EB452B0C-208F-40A0-9D97-F7E9C3FE7538}.Debug|Any CPU.ActiveCfg = Debug|x64
		{EB452B0C-208F-40A0-9D97-F7E9C3FE7538}.Debug|Any CPU.Build.0 = Debug|x64
		{EB452B0C-208F-40A0-9D97-F7E9C3FE7538}.Debug|x64.ActiveCfg = Debug|x64
		{EB452B0C-208F-40A0-9D97-F7E9C3FE7538}.Debug|x64.Build.0 = Debug|x64
		{EB452B0C-208F-40A0-9D97-F7E9C3FE7538}.Debug|x86.ActiveCfg = Debug|Win32
		{EB452B0C-208F-40A0-9D97-F7E9C3FE7538}.Debug|x86.Build.0 = Debug|Win32
		{EB452B0C-208F-40A0-9D97-F7E9C3FE7538}.Release|Any CPU.ActiveCfg = Release|x64
		{EB452B0C-208F-40A0-9D97-F7E9C3FE7538}.Release|Any CPU.Build.0 = Release|x64
		{EB452B0C-208F-40A0-9D97-F7E9C3FE7538}.Release|x64.ActiveCfg = Release|Win32
		{EB452B0C-208F-40A0-9D97-F7E9C3FE7538}.Release|x64.Build.0 = Release|Win32
		{EB452B0C-208F-40A0-9D97-F7E9C3FE7538}.Release|x86.ActiveCfg = Release|Win32
		{EB452B0C-208F-40A0-9D97-F7E9C3FE7538}.Release|x86.Build.0 = Release|Win32
		{F82ED501-C6A6-4D53-A2A1-9BF9FEC14C2C}.Debug|Any CPU.ActiveCfg = Debug|x64
		{F82ED501-C6A6-4D53-A2A1-9BF9FEC14C2C}.Debug|Any CPU.Build.0 = Debug|x64
		{F82ED501-C6A6-4D53-A2A1-9BF9FEC14C2C}.Debug|x64.ActiveCfg = Debug|x64
		{F82ED501-C6A6-4D53-A2A1-9BF9FEC14C2C}.Debug|x64.Build.0 = Debug|x64
		{F82ED501-C6A6-4D53-A2A1-9BF9FEC14C2C}.Debug|x86.ActiveCfg = Debug|Win32
		{F82ED501-C6A6-4D53-A2A1-9BF9FEC14C2C}.Debug|x86.Build.0 = Debug|Win32
		{F82ED501-C6A6-4D53-A2A1-9BF9FEC14C2C}.Release|Any CPU.ActiveCfg = Release|x64
		{F82ED501-C6A6-4D53-A2A1-9BF9FEC14C2C}.Release|Any CPU.Build.0 = Release|x64
		{F82ED501-C6A6-4D53-A2A1-9BF9FEC14C2C}.Release|x64.ActiveCfg = Release|Win32
		{F82ED501-C6A6-4D53-A2A1-9BF9FEC14C2C}.Release|x64.Build.0 = Release|Win32
		{F82ED501-C6A6-4D53-A2A1-9BF9FEC14C2C}.Release|x86.ActiveCfg = Release|Win32
		{F82ED501-C6A6-4D53-A2A1-9BF9FEC14C2C}.Release|x86.Build.0 = Release|Win32
		{A884A2D7-C31D-4482-A5EB-919901756B44}.Debug|Any CPU.ActiveCfg = Debug|x64
		{A884A2D7-C31D-4482-A5EB-919901756B44}.Debug|Any CPU.Build.0 = Debug|x64
		{A884A2D7-C31D-4482-A5EB-919901756B44}.Debug|x64.ActiveCfg = Debug|x64
		{A884A2D7-C31D-4482-A5EB-919901756B44}.Debug|x64.Build.0 = Debug|x64
		{A884A2D7-C31D-4482-A5EB-919901756B44}.Debug|x86.ActiveCfg = Debug|Win32
		{A884A2D7-C31D-4482-A5EB-919901756B44}.Debug|x86.Build.0 = Debug|Win32
		{A884A2D7-C31D-4482-A5EB-919901756B44}.Release|Any CPU.ActiveCfg = Release|x64
		{A884A2D7-C31D-4482-A5EB-919901756B44}.Release|Any CPU.Build.0 = Release|x64
		{A884A2D7-C31D-4482-A5EB-919901756B44}.Release|x64.ActiveCfg = Release|Win32
		{A884A2D7-C31D-4482-A5EB-919901756B44}.Release|x64.Build.0 = Release|Win32
		{A884A2D7-C31D-4482-A5EB-919901756B44}.Release|x86.ActiveCfg = Release|Win32
		{A884A2D7-C31D-4482-A5EB-919901756B44}.Release|x86.Build.0 = Release|Win32
	EndGlobalSection
	GlobalSection(SolutionProperties) = preSolution
		HideSolutionNode = FALSE
	EndGlobalSection
	GlobalSection(NestedProjects) = preSolution
		{E86B0AAE-86CE-409D-833F-3F82C35B6CC4} = {4226EBC5-1FD0-4E68-B283-BBAF42DFA12B}
		{3499806D-180A-4CA2-AB4E-4DC978C2A04F} = {4226EBC5-1FD0-4E68-B283-BBAF42DFA12B}
		{682CE09F-A0F2-47E9-9387-D72D29BBCA8F} = {4226EBC5-1FD0-4E68-B283-BBAF42DFA12B}
		{57AD18B9-5B1E-4C13-A0AE-F0C5E18057C5} = {F1B01DE2-C92F-44EF-B6EE-D1C3E54B1CB3}
		{44F0266C-0BB7-4A7A-87A3-12B7411938DC} = {F1B01DE2-C92F-44EF-B6EE-D1C3E54B1CB3}
		{EB452B0C-208F-40A0-9D97-F7E9C3FE7538} = {F1B01DE2-C92F-44EF-B6EE-D1C3E54B1CB3}
		{F82ED501-C6A6-4D53-A2A1-9BF9FEC14C2C} = {5A16900D-CB26-4F16-9FE3-606D97FB1246}
		{A884A2D7-C31D-4482-A5EB-919901756B44} = {5A16900D-CB26-4F16-9FE3-606D97FB1246}
	EndGlobalSection
	GlobalSection(ExtensibilityGlobals) = postSolution
		SolutionGuid = {885A2259-A6CA-48BF-A0E9-75EAE2D7846D}
	EndGlobalSection
EndGlobal
